
Microsoft Visual Studio Solution File, Format Version 12.00
# Visual Studio Version 17
VisualStudioVersion = 17.6.33801.468
MinimumVisualStudioVersion = 10.0.40219.1
Project("{9A19103F-16F7-4668-BE54-9A1E7A4F7556}") = "hello_world_api_ui", "hello_world_api_ui\hello_world_api_ui.csproj", "{1C1F5FC0-DF56-49F4-82DF-CE10C85A8526}"
EndProject
Project("{9A19103F-16F7-4668-BE54-9A1E7A4F7556}") = "hello_world_api_cli", "hello_world_api_cli\hello_world_api_cli.csproj", "{4C937F04-5A68-46B9-8334-043B7EDF9E7E}"
EndProject
Project("{9A19103F-16F7-4668-BE54-9A1E7A4F7556}") = "HelloWebApi", "HelloWebApi\HelloWebApi.csproj", "{04CE5997-B018-4506-8B2D-C948048D0815}"
EndProject
Project("{FAE04EC0-301F-11D3-BF4B-00C04F79EFBC}") = "ProductApp", "ProductApp\ProductApp.csproj", "{007AEF2F-953D-4C01-A539-EBB8CABA2C43}"
EndProject
Global
	GlobalSection(SolutionConfigurationPlatforms) = preSolution
		Debug|Any CPU = Debug|Any CPU
		Release|Any CPU = Release|Any CPU
	EndGlobalSection
	GlobalSection(ProjectConfigurationPlatforms) = postSolution
		{1C1F5FC0-DF56-49F4-82DF-CE10C85A8526}.Debug|Any CPU.ActiveCfg = Debug|Any CPU
		{1C1F5FC0-DF56-49F4-82DF-CE10C85A8526}.Debug|Any CPU.Build.0 = Debug|Any CPU
		{1C1F5FC0-DF56-49F4-82DF-CE10C85A8526}.Release|Any CPU.ActiveCfg = Release|Any CPU
		{1C1F5FC0-DF56-49F4-82DF-CE10C85A8526}.Release|Any CPU.Build.0 = Release|Any CPU
		{4C937F04-5A68-46B9-8334-043B7EDF9E7E}.Debug|Any CPU.ActiveCfg = Debug|Any CPU
		{4C937F04-5A68-46B9-8334-043B7EDF9E7E}.Debug|Any CPU.Build.0 = Debug|Any CPU
		{4C937F04-5A68-46B9-8334-043B7EDF9E7E}.Release|Any CPU.ActiveCfg = Release|Any CPU
		{4C937F04-5A68-46B9-8334-043B7EDF9E7E}.Release|Any CPU.Build.0 = Release|Any CPU
		{04CE5997-B018-4506-8B2D-C948048D0815}.Debug|Any CPU.ActiveCfg = Debug|Any CPU
		{04CE5997-B018-4506-8B2D-C948048D0815}.Debug|Any CPU.Build.0 = Debug|Any CPU
		{04CE5997-B018-4506-8B2D-C948048D0815}.Release|Any CPU.ActiveCfg = Release|Any CPU
		{04CE5997-B018-4506-8B2D-C948048D0815}.Release|Any CPU.Build.0 = Release|Any CPU
		{007AEF2F-953D-4C01-A539-EBB8CABA2C43}.Debug|Any CPU.ActiveCfg = Debug|Any CPU
		{007AEF2F-953D-4C01-A539-EBB8CABA2C43}.Debug|Any CPU.Build.0 = Debug|Any CPU
		{007AEF2F-953D-4C01-A539-EBB8CABA2C43}.Release|Any CPU.ActiveCfg = Release|Any CPU
		{007AEF2F-953D-4C01-A539-EBB8CABA2C43}.Release|Any CPU.Build.0 = Release|Any CPU
	EndGlobalSection
	GlobalSection(SolutionProperties) = preSolution
		HideSolutionNode = FALSE
	EndGlobalSection
	GlobalSection(ExtensibilityGlobals) = postSolution
		SolutionGuid = {3F6C8C95-A01F-439B-873E-71CC102BC8BA}
	EndGlobalSection
EndGlobal
